// !$*UTF8*$!
{
	archiveVersion = 1;
	classes = {
	};
	objectVersion = 56;
	objects = {

/* Begin PBXBuildFile section */
		7305EF012B682FD0002035E5 /* AppDelegate.swift in Sources */ = {isa = PBXBuildFile; fileRef = 7305EF002B682FD0002035E5 /* AppDelegate.swift */; };
		7305EF032B682FD0002035E5 /* SceneDelegate.swift in Sources */ = {isa = PBXBuildFile; fileRef = 7305EF022B682FD0002035E5 /* SceneDelegate.swift */; };
		7305EF052B682FD0002035E5 /* ViewController.swift in Sources */ = {isa = PBXBuildFile; fileRef = 7305EF042B682FD0002035E5 /* ViewController.swift */; };
		7305EF082B682FD0002035E5 /* Main.storyboard in Resources */ = {isa = PBXBuildFile; fileRef = 7305EF062B682FD0002035E5 /* Main.storyboard */; };
		7305EF0A2B682FD1002035E5 /* Assets.xcassets in Resources */ = {isa = PBXBuildFile; fileRef = 7305EF092B682FD1002035E5 /* Assets.xcassets */; };
		7305EF0D2B682FD1002035E5 /* LaunchScreen.storyboard in Resources */ = {isa = PBXBuildFile; fileRef = 7305EF0B2B682FD1002035E5 /* LaunchScreen.storyboard */; };
		7305EF182B682FD1002035E5 /* AVPlayerViewSampleTests.swift in Sources */ = {isa = PBXBuildFile; fileRef = 7305EF172B682FD1002035E5 /* AVPlayerViewSampleTests.swift */; };
		7305EF222B682FD1002035E5 /* AVPlayerViewSampleUITests.swift in Sources */ = {isa = PBXBuildFile; fileRef = 7305EF212B682FD1002035E5 /* AVPlayerViewSampleUITests.swift */; };
		7305EF242B682FD1002035E5 /* AVPlayerViewSampleUITestsLaunchTests.swift in Sources */ = {isa = PBXBuildFile; fileRef = 7305EF232B682FD1002035E5 /* AVPlayerViewSampleUITestsLaunchTests.swift */; };
		7305EF322B683006002035E5 /* avplayerview in Frameworks */ = {isa = PBXBuildFile; productRef = 7305EF312B683006002035E5 /* avplayerview */; };
		7305EF342B683426002035E5 /* sample.MOV in Resources */ = {isa = PBXBuildFile; fileRef = 7305EF332B683426002035E5 /* sample.MOV */; };
/* End PBXBuildFile section */

/* Begin PBXContainerItemProxy section */
		7305EF142B682FD1002035E5 /* PBXContainerItemProxy */ = {
			isa = PBXContainerItemProxy;
			containerPortal = 7305EEF52B682FD0002035E5 /* Project object */;
			proxyType = 1;
			remoteGlobalIDString = 7305EEFC2B682FD0002035E5;
			remoteInfo = AVPlayerViewSample;
		};
		7305EF1E2B682FD1002035E5 /* PBXContainerItemProxy */ = {
			isa = PBXContainerItemProxy;
			containerPortal = 7305EEF52B682FD0002035E5 /* Project object */;
			proxyType = 1;
			remoteGlobalIDString = 7305EEFC2B682FD0002035E5;
			remoteInfo = AVPlayerViewSample;
		};
/* End PBXContainerItemProxy section */

/* Begin PBXFileReference section */
		7305EEFD2B682FD0002035E5 /* AVPlayerViewSample.app */ = {isa = PBXFileReference; explicitFileType = wrapper.application; includeInIndex = 0; path = AVPlayerViewSample.app; sourceTree = BUILT_PRODUCTS_DIR; };
		7305EF002B682FD0002035E5 /* AppDelegate.swift */ = {isa = PBXFileReference; lastKnownFileType = sourcecode.swift; path = AppDelegate.swift; sourceTree = "<group>"; };
		7305EF022B682FD0002035E5 /* SceneDelegate.swift */ = {isa = PBXFileReference; lastKnownFileType = sourcecode.swift; path = SceneDelegate.swift; sourceTree = "<group>"; };
		7305EF042B682FD0002035E5 /* ViewController.swift */ = {isa = PBXFileReference; lastKnownFileType = sourcecode.swift; path = ViewController.swift; sourceTree = "<group>"; };
		7305EF072B682FD0002035E5 /* Base */ = {isa = PBXFileReference; lastKnownFileType = file.storyboard; name = Base; path = Base.lproj/Main.storyboard; sourceTree = "<group>"; };
		7305EF092B682FD1002035E5 /* Assets.xcassets */ = {isa = PBXFileReference; lastKnownFileType = folder.assetcatalog; path = Assets.xcassets; sourceTree = "<group>"; };
		7305EF0C2B682FD1002035E5 /* Base */ = {isa = PBXFileReference; lastKnownFileType = file.storyboard; name = Base; path = Base.lproj/LaunchScreen.storyboard; sourceTree = "<group>"; };
		7305EF0E2B682FD1002035E5 /* Info.plist */ = {isa = PBXFileReference; lastKnownFileType = text.plist.xml; path = Info.plist; sourceTree = "<group>"; };
		7305EF132B682FD1002035E5 /* AVPlayerViewSampleTests.xctest */ = {isa = PBXFileReference; explicitFileType = wrapper.cfbundle; includeInIndex = 0; path = AVPlayerViewSampleTests.xctest; sourceTree = BUILT_PRODUCTS_DIR; };
		7305EF172B682FD1002035E5 /* AVPlayerViewSampleTests.swift */ = {isa = PBXFileReference; lastKnownFileType = sourcecode.swift; path = AVPlayerViewSampleTests.swift; sourceTree = "<group>"; };
		7305EF1D2B682FD1002035E5 /* AVPlayerViewSampleUITests.xctest */ = {isa = PBXFileReference; explicitFileType = wrapper.cfbundle; includeInIndex = 0; path = AVPlayerViewSampleUITests.xctest; sourceTree = BUILT_PRODUCTS_DIR; };
		7305EF212B682FD1002035E5 /* AVPlayerViewSampleUITests.swift */ = {isa = PBXFileReference; lastKnownFileType = sourcecode.swift; path = AVPlayerViewSampleUITests.swift; sourceTree = "<group>"; };
		7305EF232B682FD1002035E5 /* AVPlayerViewSampleUITestsLaunchTests.swift */ = {isa = PBXFileReference; lastKnownFileType = sourcecode.swift; path = AVPlayerViewSampleUITestsLaunchTests.swift; sourceTree = "<group>"; };
		7305EF332B683426002035E5 /* sample.MOV */ = {isa = PBXFileReference; lastKnownFileType = video.quicktime; path = sample.MOV; sourceTree = "<group>"; };
/* End PBXFileReference section */

/* Begin PBXFrameworksBuildPhase section */
		7305EEFA2B682FD0002035E5 /* Frameworks */ = {
			isa = PBXFrameworksBuildPhase;
			buildActionMask = 2147483647;
			files = (
				7305EF322B683006002035E5 /* avplayerview in Frameworks */,
			);
			runOnlyForDeploymentPostprocessing = 0;
		};
		7305EF102B682FD1002035E5 /* Frameworks */ = {
			isa = PBXFrameworksBuildPhase;
			buildActionMask = 2147483647;
			files = (
			);
			runOnlyForDeploymentPostprocessing = 0;
		};
		7305EF1A2B682FD1002035E5 /* Frameworks */ = {
			isa = PBXFrameworksBuildPhase;
			buildActionMask = 2147483647;
			files = (
			);
			runOnlyForDeploymentPostprocessing = 0;
		};
/* End PBXFrameworksBuildPhase section */

/* Begin PBXGroup section */
		7305EEF42B682FD0002035E5 = {
			isa = PBXGroup;
			children = (
				7305EEFF2B682FD0002035E5 /* AVPlayerViewSample */,
				7305EF162B682FD1002035E5 /* AVPlayerViewSampleTests */,
				7305EF202B682FD1002035E5 /* AVPlayerViewSampleUITests */,
				7305EEFE2B682FD0002035E5 /* Products */,
			);
			sourceTree = "<group>";
		};
		7305EEFE2B682FD0002035E5 /* Products */ = {
			isa = PBXGroup;
			children = (
				7305EEFD2B682FD0002035E5 /* AVPlayerViewSample.app */,
				7305EF132B682FD1002035E5 /* AVPlayerViewSampleTests.xctest */,
				7305EF1D2B682FD1002035E5 /* AVPlayerViewSampleUITests.xctest */,
			);
			name = Products;
			sourceTree = "<group>";
		};
		7305EEFF2B682FD0002035E5 /* AVPlayerViewSample */ = {
			isa = PBXGroup;
			children = (
				7305EF002B682FD0002035E5 /* AppDelegate.swift */,
				7305EF022B682FD0002035E5 /* SceneDelegate.swift */,
				7305EF042B682FD0002035E5 /* ViewController.swift */,
				7305EF062B682FD0002035E5 /* Main.storyboard */,
				7305EF332B683426002035E5 /* sample.MOV */,
				7305EF092B682FD1002035E5 /* Assets.xcassets */,
				7305EF0B2B682FD1002035E5 /* LaunchScreen.storyboard */,
				7305EF0E2B682FD1002035E5 /* Info.plist */,
			);
			path = AVPlayerViewSample;
			sourceTree = "<group>";
		};
		7305EF162B682FD1002035E5 /* AVPlayerViewSampleTests */ = {
			isa = PBXGroup;
			children = (
				7305EF172B682FD1002035E5 /* AVPlayerViewSampleTests.swift */,
			);
			path = AVPlayerViewSampleTests;
			sourceTree = "<group>";
		};
		7305EF202B682FD1002035E5 /* AVPlayerViewSampleUITests */ = {
			isa = PBXGroup;
			children = (
				7305EF212B682FD1002035E5 /* AVPlayerViewSampleUITests.swift */,
				7305EF232B682FD1002035E5 /* AVPlayerViewSampleUITestsLaunchTests.swift */,
			);
			path = AVPlayerViewSampleUITests;
			sourceTree = "<group>";
		};
/* End PBXGroup section */

/* Begin PBXNativeTarget section */
		7305EEFC2B682FD0002035E5 /* AVPlayerViewSample */ = {
			isa = PBXNativeTarget;
			buildConfigurationList = 7305EF272B682FD1002035E5 /* Build configuration list for PBXNativeTarget "AVPlayerViewSample" */;
			buildPhases = (
				7305EEF92B682FD0002035E5 /* Sources */,
				7305EEFA2B682FD0002035E5 /* Frameworks */,
				7305EEFB2B682FD0002035E5 /* Resources */,
			);
			buildRules = (
			);
			dependencies = (
			);
			name = AVPlayerViewSample;
			packageProductDependencies = (
				7305EF312B683006002035E5 /* avplayerview */,
			);
			productName = AVPlayerViewSample;
			productReference = 7305EEFD2B682FD0002035E5 /* AVPlayerViewSample.app */;
			productType = "com.apple.product-type.application";
		};
		7305EF122B682FD1002035E5 /* AVPlayerViewSampleTests */ = {
			isa = PBXNativeTarget;
			buildConfigurationList = 7305EF2A2B682FD1002035E5 /* Build configuration list for PBXNativeTarget "AVPlayerViewSampleTests" */;
			buildPhases = (
				7305EF0F2B682FD1002035E5 /* Sources */,
				7305EF102B682FD1002035E5 /* Frameworks */,
				7305EF112B682FD1002035E5 /* Resources */,
			);
			buildRules = (
			);
			dependencies = (
				7305EF152B682FD1002035E5 /* PBXTargetDependency */,
			);
			name = AVPlayerViewSampleTests;
			productName = AVPlayerViewSampleTests;
			productReference = 7305EF132B682FD1002035E5 /* AVPlayerViewSampleTests.xctest */;
			productType = "com.apple.product-type.bundle.unit-test";
		};
		7305EF1C2B682FD1002035E5 /* AVPlayerViewSampleUITests */ = {
			isa = PBXNativeTarget;
			buildConfigurationList = 7305EF2D2B682FD1002035E5 /* Build configuration list for PBXNativeTarget "AVPlayerViewSampleUITests" */;
			buildPhases = (
				7305EF192B682FD1002035E5 /* Sources */,
				7305EF1A2B682FD1002035E5 /* Frameworks */,
				7305EF1B2B682FD1002035E5 /* Resources */,
			);
			buildRules = (
			);
			dependencies = (
				7305EF1F2B682FD1002035E5 /* PBXTargetDependency */,
			);
			name = AVPlayerViewSampleUITests;
			productName = AVPlayerViewSampleUITests;
			productReference = 7305EF1D2B682FD1002035E5 /* AVPlayerViewSampleUITests.xctest */;
			productType = "com.apple.product-type.bundle.ui-testing";
		};
/* End PBXNativeTarget section */

/* Begin PBXProject section */
		7305EEF52B682FD0002035E5 /* Project object */ = {
			isa = PBXProject;
			attributes = {
				BuildIndependentTargetsInParallel = 1;
				LastSwiftUpdateCheck = 1520;
				LastUpgradeCheck = 1520;
				TargetAttributes = {
					7305EEFC2B682FD0002035E5 = {
						CreatedOnToolsVersion = 15.2;
					};
					7305EF122B682FD1002035E5 = {
						CreatedOnToolsVersion = 15.2;
						TestTargetID = 7305EEFC2B682FD0002035E5;
					};
					7305EF1C2B682FD1002035E5 = {
						CreatedOnToolsVersion = 15.2;
						TestTargetID = 7305EEFC2B682FD0002035E5;
					};
				};
			};
			buildConfigurationList = 7305EEF82B682FD0002035E5 /* Build configuration list for PBXProject "AVPlayerViewSample" */;
			compatibilityVersion = "Xcode 14.0";
			developmentRegion = en;
			hasScannedForEncodings = 0;
			knownRegions = (
				en,
				Base,
			);
			mainGroup = 7305EEF42B682FD0002035E5;
			packageReferences = (
				7305EF302B683006002035E5 /* XCRemoteSwiftPackageReference "AVPlayerView" */,
			);
			productRefGroup = 7305EEFE2B682FD0002035E5 /* Products */;
			projectDirPath = "";
			projectRoot = "";
			targets = (
				7305EEFC2B682FD0002035E5 /* AVPlayerViewSample */,
				7305EF122B682FD1002035E5 /* AVPlayerViewSampleTests */,
				7305EF1C2B682FD1002035E5 /* AVPlayerViewSampleUITests */,
			);
		};
/* End PBXProject section */

/* Begin PBXResourcesBuildPhase section */
		7305EEFB2B682FD0002035E5 /* Resources */ = {
			isa = PBXResourcesBuildPhase;
			buildActionMask = 2147483647;
			files = (
				7305EF342B683426002035E5 /* sample.MOV in Resources */,
				7305EF0D2B682FD1002035E5 /* LaunchScreen.storyboard in Resources */,
				7305EF0A2B682FD1002035E5 /* Assets.xcassets in Resources */,
				7305EF082B682FD0002035E5 /* Main.storyboard in Resources */,
			);
			runOnlyForDeploymentPostprocessing = 0;
		};
		7305EF112B682FD1002035E5 /* Resources */ = {
			isa = PBXResourcesBuildPhase;
			buildActionMask = 2147483647;
			files = (
			);
			runOnlyForDeploymentPostprocessing = 0;
		};
		7305EF1B2B682FD1002035E5 /* Resources */ = {
			isa = PBXResourcesBuildPhase;
			buildActionMask = 2147483647;
			files = (
			);
			runOnlyForDeploymentPostprocessing = 0;
		};
/* End PBXResourcesBuildPhase section */

/* Begin PBXSourcesBuildPhase section */
		7305EEF92B682FD0002035E5 /* Sources */ = {
			isa = PBXSourcesBuildPhase;
			buildActionMask = 2147483647;
			files = (
				7305EF052B682FD0002035E5 /* ViewController.swift in Sources */,
				7305EF012B682FD0002035E5 /* AppDelegate.swift in Sources */,
				7305EF032B682FD0002035E5 /* SceneDelegate.swift in Sources */,
			);
			runOnlyForDeploymentPostprocessing = 0;
		};
		7305EF0F2B682FD1002035E5 /* Sources */ = {
			isa = PBXSourcesBuildPhase;
			buildActionMask = 2147483647;
			files = (
				7305EF182B682FD1002035E5 /* AVPlayerViewSampleTests.swift in Sources */,
			);
			runOnlyForDeploymentPostprocessing = 0;
		};
		7305EF192B682FD1002035E5 /* Sources */ = {
			isa = PBXSourcesBuildPhase;
			buildActionMask = 2147483647;
			files = (
				7305EF222B682FD1002035E5 /* AVPlayerViewSampleUITests.swift in Sources */,
				7305EF242B682FD1002035E5 /* AVPlayerViewSampleUITestsLaunchTests.swift in Sources */,
			);
			runOnlyForDeploymentPostprocessing = 0;
		};
/* End PBXSourcesBuildPhase section */

/* Begin PBXTargetDependency section */
		7305EF152B682FD1002035E5 /* PBXTargetDependency */ = {
			isa = PBXTargetDependency;
			target = 7305EEFC2B682FD0002035E5 /* AVPlayerViewSample */;
			targetProxy = 7305EF142B682FD1002035E5 /* PBXContainerItemProxy */;
		};
		7305EF1F2B682FD1002035E5 /* PBXTargetDependency */ = {
			isa = PBXTargetDependency;
			target = 7305EEFC2B682FD0002035E5 /* AVPlayerViewSample */;
			targetProxy = 7305EF1E2B682FD1002035E5 /* PBXContainerItemProxy */;
		};
/* End PBXTargetDependency section */

/* Begin PBXVariantGroup section */
		7305EF062B682FD0002035E5 /* Main.storyboard */ = {
			isa = PBXVariantGroup;
			children = (
				7305EF072B682FD0002035E5 /* Base */,
			);
			name = Main.storyboard;
			sourceTree = "<group>";
		};
		7305EF0B2B682FD1002035E5 /* LaunchScreen.storyboard */ = {
			isa = PBXVariantGroup;
			children = (
				7305EF0C2B682FD1002035E5 /* Base */,
			);
			name = LaunchScreen.storyboard;
			sourceTree = "<group>";
		};
/* End PBXVariantGroup section */

/* Begin XCBuildConfiguration section */
		7305EF252B682FD1002035E5 /* Debug */ = {
			isa = XCBuildConfiguration;
			buildSettings = {
				ALWAYS_SEARCH_USER_PATHS = NO;
				ASSETCATALOG_COMPILER_GENERATE_SWIFT_ASSET_SYMBOL_EXTENSIONS = YES;
				CLANG_ANALYZER_NONNULL = YES;
				CLANG_ANALYZER_NUMBER_OBJECT_CONVERSION = YES_AGGRESSIVE;
				CLANG_CXX_LANGUAGE_STANDARD = "gnu++20";
				CLANG_ENABLE_MODULES = YES;
				CLANG_ENABLE_OBJC_ARC = YES;
				CLANG_ENABLE_OBJC_WEAK = YES;
				CLANG_WARN_BLOCK_CAPTURE_AUTORELEASING = YES;
				CLANG_WARN_BOOL_CONVERSION = YES;
				CLANG_WARN_COMMA = YES;
				CLANG_WARN_CONSTANT_CONVERSION = YES;
				CLANG_WARN_DEPRECATED_OBJC_IMPLEMENTATIONS = YES;
				CLANG_WARN_DIRECT_OBJC_ISA_USAGE = YES_ERROR;
				CLANG_WARN_DOCUMENTATION_COMMENTS = YES;
				CLANG_WARN_EMPTY_BODY = YES;
				CLANG_WARN_ENUM_CONVERSION = YES;
				CLANG_WARN_INFINITE_RECURSION = YES;
				CLANG_WARN_INT_CONVERSION = YES;
				CLANG_WARN_NON_LITERAL_NULL_CONVERSION = YES;
				CLANG_WARN_OBJC_IMPLICIT_RETAIN_SELF = YES;
				CLANG_WARN_OBJC_LITERAL_CONVERSION = YES;
				CLANG_WARN_OBJC_ROOT_CLASS = YES_ERROR;
				CLANG_WARN_QUOTED_INCLUDE_IN_FRAMEWORK_HEADER = YES;
				CLANG_WARN_RANGE_LOOP_ANALYSIS = YES;
				CLANG_WARN_STRICT_PROTOTYPES = YES;
				CLANG_WARN_SUSPICIOUS_MOVE = YES;
				CLANG_WARN_UNGUARDED_AVAILABILITY = YES_AGGRESSIVE;
				CLANG_WARN_UNREACHABLE_CODE = YES;
				CLANG_WARN__DUPLICATE_METHOD_MATCH = YES;
				COPY_PHASE_STRIP = NO;
				DEBUG_INFORMATION_FORMAT = dwarf;
				ENABLE_STRICT_OBJC_MSGSEND = YES;
				ENABLE_TESTABILITY = YES;
				ENABLE_USER_SCRIPT_SANDBOXING = YES;
				GCC_C_LANGUAGE_STANDARD = gnu17;
				GCC_DYNAMIC_NO_PIC = NO;
				GCC_NO_COMMON_BLOCKS = YES;
				GCC_OPTIMIZATION_LEVEL = 0;
				GCC_PREPROCESSOR_DEFINITIONS = (
					"DEBUG=1",
					"$(inherited)",
				);
				GCC_WARN_64_TO_32_BIT_CONVERSION = YES;
				GCC_WARN_ABOUT_RETURN_TYPE = YES_ERROR;
				GCC_WARN_UNDECLARED_SELECTOR = YES;
				GCC_WARN_UNINITIALIZED_AUTOS = YES_AGGRESSIVE;
				GCC_WARN_UNUSED_FUNCTION = YES;
				GCC_WARN_UNUSED_VARIABLE = YES;
				IPHONEOS_DEPLOYMENT_TARGET = 17.2;
				LOCALIZATION_PREFERS_STRING_CATALOGS = YES;
				MTL_ENABLE_DEBUG_INFO = INCLUDE_SOURCE;
				MTL_FAST_MATH = YES;
				ONLY_ACTIVE_ARCH = YES;
				SDKROOT = iphoneos;
				SWIFT_ACTIVE_COMPILATION_CONDITIONS = "DEBUG $(inherited)";
				SWIFT_OPTIMIZATION_LEVEL = "-Onone";
			};
			name = Debug;
		};
		7305EF262B682FD1002035E5 /* Release */ = {
			isa = XCBuildConfiguration;
			buildSettings = {
				ALWAYS_SEARCH_USER_PATHS = NO;
				ASSETCATALOG_COMPILER_GENERATE_SWIFT_ASSET_SYMBOL_EXTENSIONS = YES;
				CLANG_ANALYZER_NONNULL = YES;
				CLANG_ANALYZER_NUMBER_OBJECT_CONVERSION = YES_AGGRESSIVE;
				CLANG_CXX_LANGUAGE_STANDARD = "gnu++20";
				CLANG_ENABLE_MODULES = YES;
				CLANG_ENABLE_OBJC_ARC = YES;
				CLANG_ENABLE_OBJC_WEAK = YES;
				CLANG_WARN_BLOCK_CAPTURE_AUTORELEASING = YES;
				CLANG_WARN_BOOL_CONVERSION = YES;
				CLANG_WARN_COMMA = YES;
				CLANG_WARN_CONSTANT_CONVERSION = YES;
				CLANG_WARN_DEPRECATED_OBJC_IMPLEMENTATIONS = YES;
				CLANG_WARN_DIRECT_OBJC_ISA_USAGE = YES_ERROR;
				CLANG_WARN_DOCUMENTATION_COMMENTS = YES;
				CLANG_WARN_EMPTY_BODY = YES;
				CLANG_WARN_ENUM_CONVERSION = YES;
				CLANG_WARN_INFINITE_RECURSION = YES;
				CLANG_WARN_INT_CONVERSION = YES;
				CLANG_WARN_NON_LITERAL_NULL_CONVERSION = YES;
				CLANG_WARN_OBJC_IMPLICIT_RETAIN_SELF = YES;
				CLANG_WARN_OBJC_LITERAL_CONVERSION = YES;
				CLANG_WARN_OBJC_ROOT_CLASS = YES_ERROR;
				CLANG_WARN_QUOTED_INCLUDE_IN_FRAMEWORK_HEADER = YES;
				CLANG_WARN_RANGE_LOOP_ANALYSIS = YES;
				CLANG_WARN_STRICT_PROTOTYPES = YES;
				CLANG_WARN_SUSPICIOUS_MOVE = YES;
				CLANG_WARN_UNGUARDED_AVAILABILITY = YES_AGGRESSIVE;
				CLANG_WARN_UNREACHABLE_CODE = YES;
				CLANG_WARN__DUPLICATE_METHOD_MATCH = YES;
				COPY_PHASE_STRIP = NO;
				DEBUG_INFORMATION_FORMAT = "dwarf-with-dsym";
				ENABLE_NS_ASSERTIONS = NO;
				ENABLE_STRICT_OBJC_MSGSEND = YES;
				ENABLE_USER_SCRIPT_SANDBOXING = YES;
				GCC_C_LANGUAGE_STANDARD = gnu17;
				GCC_NO_COMMON_BLOCKS = YES;
				GCC_WARN_64_TO_32_BIT_CONVERSION = YES;
				GCC_WARN_ABOUT_RETURN_TYPE = YES_ERROR;
				GCC_WARN_UNDECLARED_SELECTOR = YES;
				GCC_WARN_UNINITIALIZED_AUTOS = YES_AGGRESSIVE;
				GCC_WARN_UNUSED_FUNCTION = YES;
				GCC_WARN_UNUSED_VARIABLE = YES;
				IPHONEOS_DEPLOYMENT_TARGET = 17.2;
				LOCALIZATION_PREFERS_STRING_CATALOGS = YES;
				MTL_ENABLE_DEBUG_INFO = NO;
				MTL_FAST_MATH = YES;
				SDKROOT = iphoneos;
				SWIFT_COMPILATION_MODE = wholemodule;
				VALIDATE_PRODUCT = YES;
			};
			name = Release;
		};
		7305EF282B682FD1002035E5 /* Debug */ = {
			isa = XCBuildConfiguration;
			buildSettings = {
				ASSETCATALOG_COMPILER_APPICON_NAME = AppIcon;
				ASSETCATALOG_COMPILER_GLOBAL_ACCENT_COLOR_NAME = AccentColor;
				CODE_SIGN_STYLE = Automatic;
				CURRENT_PROJECT_VERSION = 1;
				DEVELOPMENT_TEAM = MFN25KNUGJ;
				GENERATE_INFOPLIST_FILE = YES;
				INFOPLIST_FILE = AVPlayerViewSample/Info.plist;
				INFOPLIST_KEY_UIApplicationSupportsIndirectInputEvents = YES;
				INFOPLIST_KEY_UILaunchStoryboardName = LaunchScreen;
				INFOPLIST_KEY_UIMainStoryboardFile = Main;
				INFOPLIST_KEY_UISupportedInterfaceOrientations_iPad = "UIInterfaceOrientationPortrait UIInterfaceOrientationPortraitUpsideDown UIInterfaceOrientationLandscapeLeft UIInterfaceOrientationLandscapeRight";
				INFOPLIST_KEY_UISupportedInterfaceOrientations_iPhone = "UIInterfaceOrientationPortrait UIInterfaceOrientationLandscapeLeft UIInterfaceOrientationLandscapeRight";
				IPHONEOS_DEPLOYMENT_TARGET = 17.0;
				LD_RUNPATH_SEARCH_PATHS = (
					"$(inherited)",
					"@executable_path/Frameworks",
				);
				MARKETING_VERSION = 1.0;
				PRODUCT_BUNDLE_IDENTIFIER = daisuke.AVPlayerViewSample;
				PRODUCT_NAME = "$(TARGET_NAME)";
				SWIFT_EMIT_LOC_STRINGS = YES;
				SWIFT_VERSION = 5.0;
				TARGETED_DEVICE_FAMILY = "1,2";
			};
			name = Debug;
		};
		7305EF292B682FD1002035E5 /* Release */ = {
			isa = XCBuildConfiguration;
			buildSettings = {
				ASSETCATALOG_COMPILER_APPICON_NAME = AppIcon;
				ASSETCATALOG_COMPILER_GLOBAL_ACCENT_COLOR_NAME = AccentColor;
				CODE_SIGN_STYLE = Automatic;
				CURRENT_PROJECT_VERSION = 1;
				DEVELOPMENT_TEAM = MFN25KNUGJ;
				GENERATE_INFOPLIST_FILE = YES;
				INFOPLIST_FILE = AVPlayerViewSample/Info.plist;
				INFOPLIST_KEY_UIApplicationSupportsIndirectInputEvents = YES;
				INFOPLIST_KEY_UILaunchStoryboardName = LaunchScreen;
				INFOPLIST_KEY_UIMainStoryboardFile = Main;
				INFOPLIST_KEY_UISupportedInterfaceOrientations_iPad = "UIInterfaceOrientationPortrait UIInterfaceOrientationPortraitUpsideDown UIInterfaceOrientationLandscapeLeft UIInterfaceOrientationLandscapeRight";
				INFOPLIST_KEY_UISupportedInterfaceOrientations_iPhone = "UIInterfaceOrientationPortrait UIInterfaceOrientationLandscapeLeft UIInterfaceOrientationLandscapeRight";
				IPHONEOS_DEPLOYMENT_TARGET = 17.0;
				LD_RUNPATH_SEARCH_PATHS = (
					"$(inherited)",
					"@executable_path/Frameworks",
				);
				MARKETING_VERSION = 1.0;
				PRODUCT_BUNDLE_IDENTIFIER = daisuke.AVPlayerViewSample;
				PRODUCT_NAME = "$(TARGET_NAME)";
				SWIFT_EMIT_LOC_STRINGS = YES;
				SWIFT_VERSION = 5.0;
				TARGETED_DEVICE_FAMILY = "1,2";
			};
			name = Release;
		};
		7305EF2B2B682FD1002035E5 /* Debug */ = {
			isa = XCBuildConfiguration;
			buildSettings = {
				ALWAYS_EMBED_SWIFT_STANDARD_LIBRARIES = YES;
				BUNDLE_LOADER = "$(TEST_HOST)";
				CODE_SIGN_STYLE = Automatic;
				CURRENT_PROJECT_VERSION = 1;
				DEVELOPMENT_TEAM = MFN25KNUGJ;
				GENERATE_INFOPLIST_FILE = YES;
				IPHONEOS_DEPLOYMENT_TARGET = 17.2;
				MARKETING_VERSION = 1.0;
				PRODUCT_BUNDLE_IDENTIFIER = daisuke.AVPlayerViewSampleTests;
				PRODUCT_NAME = "$(TARGET_NAME)";
				SWIFT_EMIT_LOC_STRINGS = NO;
				SWIFT_VERSION = 5.0;
				TARGETED_DEVICE_FAMILY = "1,2";
				TEST_HOST = "$(BUILT_PRODUCTS_DIR)/AVPlayerViewSample.app/$(BUNDLE_EXECUTABLE_FOLDER_PATH)/AVPlayerViewSample";
			};
			name = Debug;
		};
		7305EF2C2B682FD1002035E5 /* Release */ = {
			isa = XCBuildConfiguration;
			buildSettings = {
				ALWAYS_EMBED_SWIFT_STANDARD_LIBRARIES = YES;
				BUNDLE_LOADER = "$(TEST_HOST)";
				CODE_SIGN_STYLE = Automatic;
				CURRENT_PROJECT_VERSION = 1;
				DEVELOPMENT_TEAM = MFN25KNUGJ;
				GENERATE_INFOPLIST_FILE = YES;
				IPHONEOS_DEPLOYMENT_TARGET = 17.2;
				MARKETING_VERSION = 1.0;
				PRODUCT_BUNDLE_IDENTIFIER = daisuke.AVPlayerViewSampleTests;
				PRODUCT_NAME = "$(TARGET_NAME)";
				SWIFT_EMIT_LOC_STRINGS = NO;
				SWIFT_VERSION = 5.0;
				TARGETED_DEVICE_FAMILY = "1,2";
				TEST_HOST = "$(BUILT_PRODUCTS_DIR)/AVPlayerViewSample.app/$(BUNDLE_EXECUTABLE_FOLDER_PATH)/AVPlayerViewSample";
			};
			name = Release;
		};
		7305EF2E2B682FD1002035E5 /* Debug */ = {
			isa = XCBuildConfiguration;
			buildSettings = {
				ALWAYS_EMBED_SWIFT_STANDARD_LIBRARIES = YES;
				CODE_SIGN_STYLE = Automatic;
				CURRENT_PROJECT_VERSION = 1;
				DEVELOPMENT_TEAM = MFN25KNUGJ;
				GENERATE_INFOPLIST_FILE = YES;
				MARKETING_VERSION = 1.0;
				PRODUCT_BUNDLE_IDENTIFIER = daisuke.AVPlayerViewSampleUITests;
				PRODUCT_NAME = "$(TARGET_NAME)";
				SWIFT_EMIT_LOC_STRINGS = NO;
				SWIFT_VERSION = 5.0;
				TARGETED_DEVICE_FAMILY = "1,2";
				TEST_TARGET_NAME = AVPlayerViewSample;
			};
			name = Debug;
		};
		7305EF2F2B682FD1002035E5 /* Release */ = {
			isa = XCBuildConfiguration;
			buildSettings = {
				ALWAYS_EMBED_SWIFT_STANDARD_LIBRARIES = YES;
				CODE_SIGN_STYLE = Automatic;
				CURRENT_PROJECT_VERSION = 1;
				DEVELOPMENT_TEAM = MFN25KNUGJ;
				GENERATE_INFOPLIST_FILE = YES;
				MARKETING_VERSION = 1.0;
				PRODUCT_BUNDLE_IDENTIFIER = daisuke.AVPlayerViewSampleUITests;
				PRODUCT_NAME = "$(TARGET_NAME)";
				SWIFT_EMIT_LOC_STRINGS = NO;
				SWIFT_VERSION = 5.0;
				TARGETED_DEVICE_FAMILY = "1,2";
				TEST_TARGET_NAME = AVPlayerViewSample;
			};
			name = Release;
		};
/* End XCBuildConfiguration section */

/* Begin XCConfigurationList section */
		7305EEF82B682FD0002035E5 /* Build configuration list for PBXProject "AVPlayerViewSample" */ = {
			isa = XCConfigurationList;
			buildConfigurations = (
				7305EF252B682FD1002035E5 /* Debug */,
				7305EF262B682FD1002035E5 /* Release */,
			);
			defaultConfigurationIsVisible = 0;
			defaultConfigurationName = Release;
		};
		7305EF272B682FD1002035E5 /* Build configuration list for PBXNativeTarget "AVPlayerViewSample" */ = {
			isa = XCConfigurationList;
			buildConfigurations = (
				7305EF282B682FD1002035E5 /* Debug */,
				7305EF292B682FD1002035E5 /* Release */,
			);
			defaultConfigurationIsVisible = 0;
			defaultConfigurationName = Release;
		};
		7305EF2A2B682FD1002035E5 /* Build configuration list for PBXNativeTarget "AVPlayerViewSampleTests" */ = {
			isa = XCConfigurationList;
			buildConfigurations = (
				7305EF2B2B682FD1002035E5 /* Debug */,
				7305EF2C2B682FD1002035E5 /* Release */,
			);
			defaultConfigurationIsVisible = 0;
			defaultConfigurationName = Release;
		};
		7305EF2D2B682FD1002035E5 /* Build configuration list for PBXNativeTarget "AVPlayerViewSampleUITests" */ = {
			isa = XCConfigurationList;
			buildConfigurations = (
				7305EF2E2B682FD1002035E5 /* Debug */,
				7305EF2F2B682FD1002035E5 /* Release */,
			);
			defaultConfigurationIsVisible = 0;
			defaultConfigurationName = Release;
		};
/* End XCConfigurationList section */

/* Begin XCRemoteSwiftPackageReference section */
		7305EF302B683006002035E5 /* XCRemoteSwiftPackageReference "AVPlayerView" */ = {
			isa = XCRemoteSwiftPackageReference;
			repositoryURL = "https://github.com/john-rocky/AVPlayerView.git";
			requirement = {
				branch = main;
				kind = branch;
			};
		};
/* End XCRemoteSwiftPackageReference section */

/* Begin XCSwiftPackageProductDependency section */
		7305EF312B683006002035E5 /* avplayerview */ = {
			isa = XCSwiftPackageProductDependency;
			package = 7305EF302B683006002035E5 /* XCRemoteSwiftPackageReference "AVPlayerView" */;
			productName = avplayerview;
		};
/* End XCSwiftPackageProductDependency section */
	};
	rootObject = 7305EEF52B682FD0002035E5 /* Project object */;
}
